
Microsoft Visual Studio Solution File, Format Version 12.00
# Visual Studio Version 17
VisualStudioVersion = 17.13.35818.85
MinimumVisualStudioVersion = 10.0.40219.1
Project("{FAE04EC0-301F-11D3-BF4B-00C04F79EFBC}") = "User Security Actions", "User Security Actions\User Security Actions.csproj", "{6988E8BA-01AA-4A28-B5EF-D78BA5B98C22}"
EndProject
Project("{2150E333-8FDC-42A3-9474-1A3956D46DE8}") = "Solution Items", "Solution Items", "{8EC462FD-D22E-90A8-E5CE-7E832BA40C5D}"
EndProject
Global
	GlobalSection(SolutionConfigurationPlatforms) = preSolution
		Debug|Any CPU = Debug|Any CPU
		Release|Any CPU = Release|Any CPU
	EndGlobalSection
	GlobalSection(ProjectConfigurationPlatforms) = postSolution
		{6988E8BA-01AA-4A28-B5EF-D78BA5B98C22}.Debug|Any CPU.ActiveCfg = Debug|Any CPU
		{6988E8BA-01AA-4A28-B5EF-D78BA5B98C22}.Debug|Any CPU.Build.0 = Debug|Any CPU
		{6988E8BA-01AA-4A28-B5EF-D78BA5B98C22}.Release|Any CPU.ActiveCfg = Release|Any CPU
		{6988E8BA-01AA-4A28-B5EF-D78BA5B98C22}.Release|Any CPU.Build.0 = Release|Any CPU
	EndGlobalSection
	GlobalSection(SolutionProperties) = preSolution
		HideSolutionNode = FALSE
	EndGlobalSection
	GlobalSection(ExtensibilityGlobals) = postSolution
		SolutionGuid = {9468FA12-7A0F-4D1A-AA65-D70067D1CAC5}
	EndGlobalSection
EndGlobal
